{
  "name": "drupal_module_opening-hours",
  "version": "1.0.0",
  "lockfileVersion": 1,
  "requires": true,
  "dependencies": {
    "@digipolis-gent/opening-hours-widget": {
      "version": "0.0.2",
      "resolved": "https://registry.npmjs.org/@digipolis-gent/opening-hours-widget/-/opening-hours-widget-0.0.2.tgz",
      "integrity": "sha512-gm97wLnnVLWL9bjMtNdVWZzsSq+cklGnXJLYJR/+x/QIhwfeqeEVd47XgcZgaV0Kj5hHTzG9xA7oknzI6a8z7g==",
      "requires": {
        "promise-polyfill": "8.1.0",
        "whatwg-fetch": "^3.0.0"
      }
    },
    "promise-polyfill": {
      "version": "8.1.0",
      "resolved": "https://registry.npmjs.org/promise-polyfill/-/promise-polyfill-8.1.0.tgz",
      "integrity": "sha512-OzSf6gcCUQ01byV4BgwyUCswlaQQ6gzXc23aLQWhicvfX9kfsUiUhgt3CCQej8jDnl8/PhGF31JdHX2/MzF3WA=="
    },
    "whatwg-fetch": {
      "version": "3.0.0",
      "resolved": "https://registry.npmjs.org/whatwg-fetch/-/whatwg-fetch-3.0.0.tgz",
      "integrity": "sha512-9GSJUgz1D4MfyKU7KRqwOjXCXTqWdFNvEr7eUBYchQiVc744mqK/MzXPNR2WsPkmkOa4ywfg8C2n8h+13Bey1Q=="
    }
  }
}
